{
  "name": "nodejs",
  "lockfileVersion": 2,
  "requires": true,
  "packages": {
    "": {
      "dependencies": {
        "file": "^0.2.2"
      }
    },
    "node_modules/file": {
      "version": "0.2.2",
      "resolved": "https://registry.npmjs.org/file/-/file-0.2.2.tgz",
      "integrity": "sha1-w9/Y+M81Na5FXCtCPC5SY112tNM="
    }
  },
  "dependencies": {
    "file": {
      "version": "0.2.2",
      "resolved": "https://registry.npmjs.org/file/-/file-0.2.2.tgz",
      "integrity": "sha1-w9/Y+M81Na5FXCtCPC5SY112tNM="
    }
  }
}
